
Microsoft Visual Studio Solution File, Format Version 12.00
# Visual Studio Version 16
VisualStudioVersion = 16.0.31410.357
MinimumVisualStudioVersion = 10.0.40219.1
Project("{9A19103F-16F7-4668-BE54-9A1E7A4F7556}") = "EFInstituto", "EFInstituto\EFInstituto.csproj", "{68D9A587-42D5-4216-A158-01419367A9DB}"
EndProject
Global
	GlobalSection(SolutionConfigurationPlatforms) = preSolution
		Debug|Any CPU = Debug|Any CPU
		Release|Any CPU = Release|Any CPU
	EndGlobalSection
	GlobalSection(ProjectConfigurationPlatforms) = postSolution
		{68D9A587-42D5-4216-A158-01419367A9DB}.Debug|Any CPU.ActiveCfg = Debug|Any CPU
		{68D9A587-42D5-4216-A158-01419367A9DB}.Debug|Any CPU.Build.0 = Debug|Any CPU
		{68D9A587-42D5-4216-A158-01419367A9DB}.Release|Any CPU.ActiveCfg = Release|Any CPU
		{68D9A587-42D5-4216-A158-01419367A9DB}.Release|Any CPU.Build.0 = Release|Any CPU
	EndGlobalSection
	GlobalSection(SolutionProperties) = preSolution
		HideSolutionNode = FALSE
	EndGlobalSection
	GlobalSection(ExtensibilityGlobals) = postSolution
		SolutionGuid = {A2EE2433-CF5A-4F2C-922E-0767081AC0DE}
	EndGlobalSection
EndGlobal
